
Microsoft Visual Studio Solution File, Format Version 12.00
# Visual Studio 15
VisualStudioVersion = 15.0.26124.0
MinimumVisualStudioVersion = 15.0.26124.0
Project("{2150E333-8FDC-42A3-9474-1A3956D46DE8}") = "src", "src", "{EDC93F71-4ABA-49FD-BDB3-2BC5E4D4711E}"
EndProject
Project("{FAE04EC0-301F-11D3-BF4B-00C04F79EFBC}") = "SimpleAction.Api", "src\SimpleAction.Api\SimpleAction.Api.csproj", "{9186298D-5B12-4D20-9B18-0CB7C8742269}"
EndProject
Project("{FAE04EC0-301F-11D3-BF4B-00C04F79EFBC}") = "SimpleAction.Services.Activities", "src\SimpleAction.Services.Activities\SimpleAction.Services.Activities.csproj", "{BE4583E3-A891-477E-96FE-92ED14E08F49}"
EndProject
Project("{FAE04EC0-301F-11D3-BF4B-00C04F79EFBC}") = "SimpleAction.Services.Identity", "src\SimpleAction.Services.Identity\SimpleAction.Services.Identity.csproj", "{6F0A87A8-4EA3-4C58-B89D-DCDD463D9B1E}"
EndProject
Project("{FAE04EC0-301F-11D3-BF4B-00C04F79EFBC}") = "SimpleAction.Common", "src\SimpleAction.Common\SimpleAction.Common.csproj", "{E8B53142-2275-4298-87AF-C5D784F06E94}"
EndProject
Project("{2150E333-8FDC-42A3-9474-1A3956D46DE8}") = "tests", "tests", "{AD48CCAC-605A-4DCF-AF82-9958971C8AA7}"
EndProject
Project("{FAE04EC0-301F-11D3-BF4B-00C04F79EFBC}") = "SimpleAction.Api.Tests", "tests\SimpleAction.Api.Tests\SimpleAction.Api.Tests.csproj", "{26F1D87E-033C-4CF3-87C0-ED06F5C9D732}"
EndProject
Project("{FAE04EC0-301F-11D3-BF4B-00C04F79EFBC}") = "SimpleAction.Services.Activities.Tests", "tests\SimpleAction.Services.Activities.Tests\SimpleAction.Services.Activities.Tests.csproj", "{D33E0672-B855-440C-ACBC-D68D24FA5EE5}"
EndProject
Project("{FAE04EC0-301F-11D3-BF4B-00C04F79EFBC}") = "SimpleAction.Services.Identity.Tests", "tests\SimpleAction.Services.Identity.Tests\SimpleAction.Services.Identity.Tests.csproj", "{808E80E2-483D-4E73-86B4-36C64AC9BFEF}"
EndProject
Global
	GlobalSection(SolutionConfigurationPlatforms) = preSolution
		Debug|Any CPU = Debug|Any CPU
		Debug|x64 = Debug|x64
		Debug|x86 = Debug|x86
		Release|Any CPU = Release|Any CPU
		Release|x64 = Release|x64
		Release|x86 = Release|x86
	EndGlobalSection
	GlobalSection(SolutionProperties) = preSolution
		HideSolutionNode = FALSE
	EndGlobalSection
	GlobalSection(ProjectConfigurationPlatforms) = postSolution
		{9186298D-5B12-4D20-9B18-0CB7C8742269}.Debug|Any CPU.ActiveCfg = Debug|Any CPU
		{9186298D-5B12-4D20-9B18-0CB7C8742269}.Debug|Any CPU.Build.0 = Debug|Any CPU
		{9186298D-5B12-4D20-9B18-0CB7C8742269}.Debug|x64.ActiveCfg = Debug|Any CPU
		{9186298D-5B12-4D20-9B18-0CB7C8742269}.Debug|x64.Build.0 = Debug|Any CPU
		{9186298D-5B12-4D20-9B18-0CB7C8742269}.Debug|x86.ActiveCfg = Debug|Any CPU
		{9186298D-5B12-4D20-9B18-0CB7C8742269}.Debug|x86.Build.0 = Debug|Any CPU
		{9186298D-5B12-4D20-9B18-0CB7C8742269}.Release|Any CPU.ActiveCfg = Release|Any CPU
		{9186298D-5B12-4D20-9B18-0CB7C8742269}.Release|Any CPU.Build.0 = Release|Any CPU
		{9186298D-5B12-4D20-9B18-0CB7C8742269}.Release|x64.ActiveCfg = Release|Any CPU
		{9186298D-5B12-4D20-9B18-0CB7C8742269}.Release|x64.Build.0 = Release|Any CPU
		{9186298D-5B12-4D20-9B18-0CB7C8742269}.Release|x86.ActiveCfg = Release|Any CPU
		{9186298D-5B12-4D20-9B18-0CB7C8742269}.Release|x86.Build.0 = Release|Any CPU
		{BE4583E3-A891-477E-96FE-92ED14E08F49}.Debug|Any CPU.ActiveCfg = Debug|Any CPU
		{BE4583E3-A891-477E-96FE-92ED14E08F49}.Debug|Any CPU.Build.0 = Debug|Any CPU
		{BE4583E3-A891-477E-96FE-92ED14E08F49}.Debug|x64.ActiveCfg = Debug|Any CPU
		{BE4583E3-A891-477E-96FE-92ED14E08F49}.Debug|x64.Build.0 = Debug|Any CPU
		{BE4583E3-A891-477E-96FE-92ED14E08F49}.Debug|x86.ActiveCfg = Debug|Any CPU
		{BE4583E3-A891-477E-96FE-92ED14E08F49}.Debug|x86.Build.0 = Debug|Any CPU
		{BE4583E3-A891-477E-96FE-92ED14E08F49}.Release|Any CPU.ActiveCfg = Release|Any CPU
		{BE4583E3-A891-477E-96FE-92ED14E08F49}.Release|Any CPU.Build.0 = Release|Any CPU
		{BE4583E3-A891-477E-96FE-92ED14E08F49}.Release|x64.ActiveCfg = Release|Any CPU
		{BE4583E3-A891-477E-96FE-92ED14E08F49}.Release|x64.Build.0 = Release|Any CPU
		{BE4583E3-A891-477E-96FE-92ED14E08F49}.Release|x86.ActiveCfg = Release|Any CPU
		{BE4583E3-A891-477E-96FE-92ED14E08F49}.Release|x86.Build.0 = Release|Any CPU
		{6F0A87A8-4EA3-4C58-B89D-DCDD463D9B1E}.Debug|Any CPU.ActiveCfg = Debug|Any CPU
		{6F0A87A8-4EA3-4C58-B89D-DCDD463D9B1E}.Debug|Any CPU.Build.0 = Debug|Any CPU
		{6F0A87A8-4EA3-4C58-B89D-DCDD463D9B1E}.Debug|x64.ActiveCfg = Debug|Any CPU
		{6F0A87A8-4EA3-4C58-B89D-DCDD463D9B1E}.Debug|x64.Build.0 = Debug|Any CPU
		{6F0A87A8-4EA3-4C58-B89D-DCDD463D9B1E}.Debug|x86.ActiveCfg = Debug|Any CPU
		{6F0A87A8-4EA3-4C58-B89D-DCDD463D9B1E}.Debug|x86.Build.0 = Debug|Any CPU
		{6F0A87A8-4EA3-4C58-B89D-DCDD463D9B1E}.Release|Any CPU.ActiveCfg = Release|Any CPU
		{6F0A87A8-4EA3-4C58-B89D-DCDD463D9B1E}.Release|Any CPU.Build.0 = Release|Any CPU
		{6F0A87A8-4EA3-4C58-B89D-DCDD463D9B1E}.Release|x64.ActiveCfg = Release|Any CPU
		{6F0A87A8-4EA3-4C58-B89D-DCDD463D9B1E}.Release|x64.Build.0 = Release|Any CPU
		{6F0A87A8-4EA3-4C58-B89D-DCDD463D9B1E}.Release|x86.ActiveCfg = Release|Any CPU
		{6F0A87A8-4EA3-4C58-B89D-DCDD463D9B1E}.Release|x86.Build.0 = Release|Any CPU
		{E8B53142-2275-4298-87AF-C5D784F06E94}.Debug|Any CPU.ActiveCfg = Debug|Any CPU
		{E8B53142-2275-4298-87AF-C5D784F06E94}.Debug|Any CPU.Build.0 = Debug|Any CPU
		{E8B53142-2275-4298-87AF-C5D784F06E94}.Debug|x64.ActiveCfg = Debug|Any CPU
		{E8B53142-2275-4298-87AF-C5D784F06E94}.Debug|x64.Build.0 = Debug|Any CPU
		{E8B53142-2275-4298-87AF-C5D784F06E94}.Debug|x86.ActiveCfg = Debug|Any CPU
		{E8B53142-2275-4298-87AF-C5D784F06E94}.Debug|x86.Build.0 = Debug|Any CPU
		{E8B53142-2275-4298-87AF-C5D784F06E94}.Release|Any CPU.ActiveCfg = Release|Any CPU
		{E8B53142-2275-4298-87AF-C5D784F06E94}.Release|Any CPU.Build.0 = Release|Any CPU
		{E8B53142-2275-4298-87AF-C5D784F06E94}.Release|x64.ActiveCfg = Release|Any CPU
		{E8B53142-2275-4298-87AF-C5D784F06E94}.Release|x64.Build.0 = Release|Any CPU
		{E8B53142-2275-4298-87AF-C5D784F06E94}.Release|x86.ActiveCfg = Release|Any CPU
		{E8B53142-2275-4298-87AF-C5D784F06E94}.Release|x86.Build.0 = Release|Any CPU
		{26F1D87E-033C-4CF3-87C0-ED06F5C9D732}.Debug|Any CPU.ActiveCfg = Debug|Any CPU
		{26F1D87E-033C-4CF3-87C0-ED06F5C9D732}.Debug|Any CPU.Build.0 = Debug|Any CPU
		{26F1D87E-033C-4CF3-87C0-ED06F5C9D732}.Debug|x64.ActiveCfg = Debug|Any CPU
		{26F1D87E-033C-4CF3-87C0-ED06F5C9D732}.Debug|x64.Build.0 = Debug|Any CPU
		{26F1D87E-033C-4CF3-87C0-ED06F5C9D732}.Debug|x86.ActiveCfg = Debug|Any CPU
		{26F1D87E-033C-4CF3-87C0-ED06F5C9D732}.Debug|x86.Build.0 = Debug|Any CPU
		{26F1D87E-033C-4CF3-87C0-ED06F5C9D732}.Release|Any CPU.ActiveCfg = Release|Any CPU
		{26F1D87E-033C-4CF3-87C0-ED06F5C9D732}.Release|Any CPU.Build.0 = Release|Any CPU
		{26F1D87E-033C-4CF3-87C0-ED06F5C9D732}.Release|x64.ActiveCfg = Release|Any CPU
		{26F1D87E-033C-4CF3-87C0-ED06F5C9D732}.Release|x64.Build.0 = Release|Any CPU
		{26F1D87E-033C-4CF3-87C0-ED06F5C9D732}.Release|x86.ActiveCfg = Release|Any CPU
		{26F1D87E-033C-4CF3-87C0-ED06F5C9D732}.Release|x86.Build.0 = Release|Any CPU
		{D33E0672-B855-440C-ACBC-D68D24FA5EE5}.Debug|Any CPU.ActiveCfg = Debug|Any CPU
		{D33E0672-B855-440C-ACBC-D68D24FA5EE5}.Debug|Any CPU.Build.0 = Debug|Any CPU
		{D33E0672-B855-440C-ACBC-D68D24FA5EE5}.Debug|x64.ActiveCfg = Debug|Any CPU
		{D33E0672-B855-440C-ACBC-D68D24FA5EE5}.Debug|x64.Build.0 = Debug|Any CPU
		{D33E0672-B855-440C-ACBC-D68D24FA5EE5}.Debug|x86.ActiveCfg = Debug|Any CPU
		{D33E0672-B855-440C-ACBC-D68D24FA5EE5}.Debug|x86.Build.0 = Debug|Any CPU
		{D33E0672-B855-440C-ACBC-D68D24FA5EE5}.Release|Any CPU.ActiveCfg = Release|Any CPU
		{D33E0672-B855-440C-ACBC-D68D24FA5EE5}.Release|Any CPU.Build.0 = Release|Any CPU
		{D33E0672-B855-440C-ACBC-D68D24FA5EE5}.Release|x64.ActiveCfg = Release|Any CPU
		{D33E0672-B855-440C-ACBC-D68D24FA5EE5}.Release|x64.Build.0 = Release|Any CPU
		{D33E0672-B855-440C-ACBC-D68D24FA5EE5}.Release|x86.ActiveCfg = Release|Any CPU
		{D33E0672-B855-440C-ACBC-D68D24FA5EE5}.Release|x86.Build.0 = Release|Any CPU
		{808E80E2-483D-4E73-86B4-36C64AC9BFEF}.Debug|Any CPU.ActiveCfg = Debug|Any CPU
		{808E80E2-483D-4E73-86B4-36C64AC9BFEF}.Debug|Any CPU.Build.0 = Debug|Any CPU
		{808E80E2-483D-4E73-86B4-36C64AC9BFEF}.Debug|x64.ActiveCfg = Debug|Any CPU
		{808E80E2-483D-4E73-86B4-36C64AC9BFEF}.Debug|x64.Build.0 = Debug|Any CPU
		{808E80E2-483D-4E73-86B4-36C64AC9BFEF}.Debug|x86.ActiveCfg = Debug|Any CPU
		{808E80E2-483D-4E73-86B4-36C64AC9BFEF}.Debug|x86.Build.0 = Debug|Any CPU
		{808E80E2-483D-4E73-86B4-36C64AC9BFEF}.Release|Any CPU.ActiveCfg = Release|Any CPU
		{808E80E2-483D-4E73-86B4-36C64AC9BFEF}.Release|Any CPU.Build.0 = Release|Any CPU
		{808E80E2-483D-4E73-86B4-36C64AC9BFEF}.Release|x64.ActiveCfg = Release|Any CPU
		{808E80E2-483D-4E73-86B4-36C64AC9BFEF}.Release|x64.Build.0 = Release|Any CPU
		{808E80E2-483D-4E73-86B4-36C64AC9BFEF}.Release|x86.ActiveCfg = Release|Any CPU
		{808E80E2-483D-4E73-86B4-36C64AC9BFEF}.Release|x86.Build.0 = Release|Any CPU
	EndGlobalSection
	GlobalSection(NestedProjects) = preSolution
		{9186298D-5B12-4D20-9B18-0CB7C8742269} = {EDC93F71-4ABA-49FD-BDB3-2BC5E4D4711E}
		{BE4583E3-A891-477E-96FE-92ED14E08F49} = {EDC93F71-4ABA-49FD-BDB3-2BC5E4D4711E}
		{6F0A87A8-4EA3-4C58-B89D-DCDD463D9B1E} = {EDC93F71-4ABA-49FD-BDB3-2BC5E4D4711E}
		{E8B53142-2275-4298-87AF-C5D784F06E94} = {EDC93F71-4ABA-49FD-BDB3-2BC5E4D4711E}
		{26F1D87E-033C-4CF3-87C0-ED06F5C9D732} = {AD48CCAC-605A-4DCF-AF82-9958971C8AA7}
		{D33E0672-B855-440C-ACBC-D68D24FA5EE5} = {AD48CCAC-605A-4DCF-AF82-9958971C8AA7}
		{808E80E2-483D-4E73-86B4-36C64AC9BFEF} = {AD48CCAC-605A-4DCF-AF82-9958971C8AA7}
	EndGlobalSection
EndGlobal
